
Microsoft Visual Studio Solution File, Format Version 12.00
# Visual Studio 15
VisualStudioVersion = 15.0.28307.106
MinimumVisualStudioVersion = 10.0.40219.1
Project("{FAE04EC0-301F-11D3-BF4B-00C04F79EFBC}") = "FaceApiTest1", "FaceApiTest1\FaceApiTest1.csproj", "{ED7E7586-70CC-453D-B128-97E0EF99043E}"
EndProject
Global
	GlobalSection(SolutionConfigurationPlatforms) = preSolution
		Debug|Any CPU = Debug|Any CPU
		Release|Any CPU = Release|Any CPU
	EndGlobalSection
	GlobalSection(ProjectConfigurationPlatforms) = postSolution
		{ED7E7586-70CC-453D-B128-97E0EF99043E}.Debug|Any CPU.ActiveCfg = Debug|Any CPU
		{ED7E7586-70CC-453D-B128-97E0EF99043E}.Debug|Any CPU.Build.0 = Debug|Any CPU
		{ED7E7586-70CC-453D-B128-97E0EF99043E}.Release|Any CPU.ActiveCfg = Release|Any CPU
		{ED7E7586-70CC-453D-B128-97E0EF99043E}.Release|Any CPU.Build.0 = Release|Any CPU
	EndGlobalSection
	GlobalSection(SolutionProperties) = preSolution
		HideSolutionNode = FALSE
	EndGlobalSection
	GlobalSection(ExtensibilityGlobals) = postSolution
		SolutionGuid = {8B6CD1DE-34B2-4BA1-848B-9F2A5F9CAE08}
	EndGlobalSection
EndGlobal
